// !$*UTF8*$!
{
	archiveVersion = 1;
	classes = {
	};
	objectVersion = 55;
	objects = {

/* Begin PBXBuildFile section */
		7BAC05A9271A617B00714445 /* SensorManager.swift in Sources */ = {isa = PBXBuildFile; fileRef = 7BAC05A8271A617B00714445 /* SensorManager.swift */; };
		7BAC05AE271A77E400714445 /* PFDView.swift in Sources */ = {isa = PBXBuildFile; fileRef = 7BAC05AD271A77E400714445 /* PFDView.swift */; };
		7BAC05B0271A77FB00714445 /* MFDView.swift in Sources */ = {isa = PBXBuildFile; fileRef = 7BAC05AF271A77FB00714445 /* MFDView.swift */; };
		7BAC05B2271A783200714445 /* SensorView.swift in Sources */ = {isa = PBXBuildFile; fileRef = 7BAC05B1271A783200714445 /* SensorView.swift */; };
		7BAC05B5271A791600714445 /* SettingView.swift in Sources */ = {isa = PBXBuildFile; fileRef = 7BAC05B4271A791600714445 /* SettingView.swift */; };
		7BAC05B7271A7BAB00714445 /* CompassView.swift in Sources */ = {isa = PBXBuildFile; fileRef = 7BAC05B6271A7BAB00714445 /* CompassView.swift */; };
		7BFD6611271A5900004D2545 /* InstrumentApp.swift in Sources */ = {isa = PBXBuildFile; fileRef = 7BFD6610271A5900004D2545 /* InstrumentApp.swift */; };
		7BFD6613271A5900004D2545 /* ContentView.swift in Sources */ = {isa = PBXBuildFile; fileRef = 7BFD6612271A5900004D2545 /* ContentView.swift */; };
		7BFD6615271A5902004D2545 /* Assets.xcassets in Resources */ = {isa = PBXBuildFile; fileRef = 7BFD6614271A5902004D2545 /* Assets.xcassets */; };
		7BFD6618271A5902004D2545 /* Preview Assets.xcassets in Resources */ = {isa = PBXBuildFile; fileRef = 7BFD6617271A5902004D2545 /* Preview Assets.xcassets */; };
/* End PBXBuildFile section */

/* Begin PBXFileReference section */
		7BAC05A8271A617B00714445 /* SensorManager.swift */ = {isa = PBXFileReference; lastKnownFileType = sourcecode.swift; path = SensorManager.swift; sourceTree = "<group>"; };
		7BAC05AD271A77E400714445 /* PFDView.swift */ = {isa = PBXFileReference; lastKnownFileType = sourcecode.swift; path = PFDView.swift; sourceTree = "<group>"; };
		7BAC05AF271A77FB00714445 /* MFDView.swift */ = {isa = PBXFileReference; lastKnownFileType = sourcecode.swift; path = MFDView.swift; sourceTree = "<group>"; };
		7BAC05B1271A783200714445 /* SensorView.swift */ = {isa = PBXFileReference; lastKnownFileType = sourcecode.swift; path = SensorView.swift; sourceTree = "<group>"; };
		7BAC05B4271A791600714445 /* SettingView.swift */ = {isa = PBXFileReference; lastKnownFileType = sourcecode.swift; path = SettingView.swift; sourceTree = "<group>"; };
		7BAC05B6271A7BAB00714445 /* CompassView.swift */ = {isa = PBXFileReference; lastKnownFileType = sourcecode.swift; path = CompassView.swift; sourceTree = "<group>"; };
		7BFD660D271A5900004D2545 /* Instrument.app */ = {isa = PBXFileReference; explicitFileType = wrapper.application; includeInIndex = 0; path = Instrument.app; sourceTree = BUILT_PRODUCTS_DIR; };
		7BFD6610271A5900004D2545 /* InstrumentApp.swift */ = {isa = PBXFileReference; lastKnownFileType = sourcecode.swift; path = InstrumentApp.swift; sourceTree = "<group>"; };
		7BFD6612271A5900004D2545 /* ContentView.swift */ = {isa = PBXFileReference; lastKnownFileType = sourcecode.swift; path = ContentView.swift; sourceTree = "<group>"; };
		7BFD6614271A5902004D2545 /* Assets.xcassets */ = {isa = PBXFileReference; lastKnownFileType = folder.assetcatalog; path = Assets.xcassets; sourceTree = "<group>"; };
		7BFD6617271A5902004D2545 /* Preview Assets.xcassets */ = {isa = PBXFileReference; lastKnownFileType = folder.assetcatalog; path = "Preview Assets.xcassets"; sourceTree = "<group>"; };
/* End PBXFileReference section */

/* Begin PBXFrameworksBuildPhase section */
		7BFD660A271A5900004D2545 /* Frameworks */ = {
			isa = PBXFrameworksBuildPhase;
			buildActionMask = 2147483647;
			files = (
			);
			runOnlyForDeploymentPostprocessing = 0;
		};
/* End PBXFrameworksBuildPhase section */

/* Begin PBXGroup section */
		7BAC05AA271A77B400714445 /* Views */ = {
			isa = PBXGroup;
			children = (
				7BAC05AD271A77E400714445 /* PFDView.swift */,
				7BAC05AF271A77FB00714445 /* MFDView.swift */,
				7BAC05B1271A783200714445 /* SensorView.swift */,
				7BAC05B4271A791600714445 /* SettingView.swift */,
				7BAC05B6271A7BAB00714445 /* CompassView.swift */,
			);
			path = Views;
			sourceTree = "<group>";
		};
		7BFD6604271A5900004D2545 = {
			isa = PBXGroup;
			children = (
				7BFD660F271A5900004D2545 /* Instrument */,
				7BFD660E271A5900004D2545 /* Products */,
			);
			sourceTree = "<group>";
		};
		7BFD660E271A5900004D2545 /* Products */ = {
			isa = PBXGroup;
			children = (
				7BFD660D271A5900004D2545 /* Instrument.app */,
			);
			name = Products;
			sourceTree = "<group>";
		};
		7BFD660F271A5900004D2545 /* Instrument */ = {
			isa = PBXGroup;
			children = (
				7BFD6610271A5900004D2545 /* InstrumentApp.swift */,
				7BFD6612271A5900004D2545 /* ContentView.swift */,
				7BAC05A8271A617B00714445 /* SensorManager.swift */,
				7BAC05AA271A77B400714445 /* Views */,
				7BFD6614271A5902004D2545 /* Assets.xcassets */,
				7BFD6616271A5902004D2545 /* Preview Content */,
			);
			path = Instrument;
			sourceTree = "<group>";
		};
		7BFD6616271A5902004D2545 /* Preview Content */ = {
			isa = PBXGroup;
			children = (
				7BFD6617271A5902004D2545 /* Preview Assets.xcassets */,
			);
			path = "Preview Content";
			sourceTree = "<group>";
		};
/* End PBXGroup section */

/* Begin PBXNativeTarget section */
		7BFD660C271A5900004D2545 /* Instrument */ = {
			isa = PBXNativeTarget;
			buildConfigurationList = 7BFD661B271A5902004D2545 /* Build configuration list for PBXNativeTarget "Instrument" */;
			buildPhases = (
				7BFD6609271A5900004D2545 /* Sources */,
				7BFD660A271A5900004D2545 /* Frameworks */,
				7BFD660B271A5900004D2545 /* Resources */,
			);
			buildRules = (
			);
			dependencies = (
			);
			name = Instrument;
			productName = Instrument;
			productReference = 7BFD660D271A5900004D2545 /* Instrument.app */;
			productType = "com.apple.product-type.application";
		};
/* End PBXNativeTarget section */

/* Begin PBXProject section */
		7BFD6605271A5900004D2545 /* Project object */ = {
			isa = PBXProject;
			attributes = {
				BuildIndependentTargetsInParallel = 1;
				LastSwiftUpdateCheck = 1300;
				LastUpgradeCheck = 1300;
				TargetAttributes = {
					7BFD660C271A5900004D2545 = {
						CreatedOnToolsVersion = 13.0;
					};
				};
			};
			buildConfigurationList = 7BFD6608271A5900004D2545 /* Build configuration list for PBXProject "Instrument" */;
			compatibilityVersion = "Xcode 13.0";
			developmentRegion = en;
			hasScannedForEncodings = 0;
			knownRegions = (
				en,
				Base,
			);
			mainGroup = 7BFD6604271A5900004D2545;
			productRefGroup = 7BFD660E271A5900004D2545 /* Products */;
			projectDirPath = "";
			projectRoot = "";
			targets = (
				7BFD660C271A5900004D2545 /* Instrument */,
			);
		};
/* End PBXProject section */

/* Begin PBXResourcesBuildPhase section */
		7BFD660B271A5900004D2545 /* Resources */ = {
			isa = PBXResourcesBuildPhase;
			buildActionMask = 2147483647;
			files = (
				7BFD6618271A5902004D2545 /* Preview Assets.xcassets in Resources */,
				7BFD6615271A5902004D2545 /* Assets.xcassets in Resources */,
			);
			runOnlyForDeploymentPostprocessing = 0;
		};
/* End PBXResourcesBuildPhase section */

/* Begin PBXSourcesBuildPhase section */
		7BFD6609271A5900004D2545 /* Sources */ = {
			isa = PBXSourcesBuildPhase;
			buildActionMask = 2147483647;
			files = (
				7BFD6613271A5900004D2545 /* ContentView.swift in Sources */,
				7BAC05B0271A77FB00714445 /* MFDView.swift in Sources */,
				7BAC05B2271A783200714445 /* SensorView.swift in Sources */,
				7BAC05B5271A791600714445 /* SettingView.swift in Sources */,
				7BAC05AE271A77E400714445 /* PFDView.swift in Sources */,
				7BAC05B7271A7BAB00714445 /* CompassView.swift in Sources */,
				7BAC05A9271A617B00714445 /* SensorManager.swift in Sources */,
				7BFD6611271A5900004D2545 /* InstrumentApp.swift in Sources */,
			);
			runOnlyForDeploymentPostprocessing = 0;
		};
/* End PBXSourcesBuildPhase section */

/* Begin XCBuildConfiguration section */
		7BFD6619271A5902004D2545 /* Debug */ = {
			isa = XCBuildConfiguration;
			buildSettings = {
				ALWAYS_SEARCH_USER_PATHS = NO;
				CLANG_ANALYZER_NONNULL = YES;
				CLANG_ANALYZER_NUMBER_OBJECT_CONVERSION = YES_AGGRESSIVE;
				CLANG_CXX_LANGUAGE_STANDARD = "gnu++17";
				CLANG_CXX_LIBRARY = "libc++";
				CLANG_ENABLE_MODULES = YES;
				CLANG_ENABLE_OBJC_ARC = YES;
				CLANG_ENABLE_OBJC_WEAK = YES;
				CLANG_WARN_BLOCK_CAPTURE_AUTORELEASING = YES;
				CLANG_WARN_BOOL_CONVERSION = YES;
				CLANG_WARN_COMMA = YES;
				CLANG_WARN_CONSTANT_CONVERSION = YES;
				CLANG_WARN_DEPRECATED_OBJC_IMPLEMENTATIONS = YES;
				CLANG_WARN_DIRECT_OBJC_ISA_USAGE = YES_ERROR;
				CLANG_WARN_DOCUMENTATION_COMMENTS = YES;
				CLANG_WARN_EMPTY_BODY = YES;
				CLANG_WARN_ENUM_CONVERSION = YES;
				CLANG_WARN_INFINITE_RECURSION = YES;
				CLANG_WARN_INT_CONVERSION = YES;
				CLANG_WARN_NON_LITERAL_NULL_CONVERSION = YES;
				CLANG_WARN_OBJC_IMPLICIT_RETAIN_SELF = YES;
				CLANG_WARN_OBJC_LITERAL_CONVERSION = YES;
				CLANG_WARN_OBJC_ROOT_CLASS = YES_ERROR;
				CLANG_WARN_QUOTED_INCLUDE_IN_FRAMEWORK_HEADER = YES;
				CLANG_WARN_RANGE_LOOP_ANALYSIS = YES;
				CLANG_WARN_STRICT_PROTOTYPES = YES;
				CLANG_WARN_SUSPICIOUS_MOVE = YES;
				CLANG_WARN_UNGUARDED_AVAILABILITY = YES_AGGRESSIVE;
				CLANG_WARN_UNREACHABLE_CODE = YES;
				CLANG_WARN__DUPLICATE_METHOD_MATCH = YES;
				COPY_PHASE_STRIP = NO;
				DEBUG_INFORMATION_FORMAT = dwarf;
				ENABLE_STRICT_OBJC_MSGSEND = YES;
				ENABLE_TESTABILITY = YES;
				GCC_C_LANGUAGE_STANDARD = gnu11;
				GCC_DYNAMIC_NO_PIC = NO;
				GCC_NO_COMMON_BLOCKS = YES;
				GCC_OPTIMIZATION_LEVEL = 0;
				GCC_PREPROCESSOR_DEFINITIONS = (
					"DEBUG=1",
					"$(inherited)",
				);
				GCC_WARN_64_TO_32_BIT_CONVERSION = YES;
				GCC_WARN_ABOUT_RETURN_TYPE = YES_ERROR;
				GCC_WARN_UNDECLARED_SELECTOR = YES;
				GCC_WARN_UNINITIALIZED_AUTOS = YES_AGGRESSIVE;
				GCC_WARN_UNUSED_FUNCTION = YES;
				GCC_WARN_UNUSED_VARIABLE = YES;
				IPHONEOS_DEPLOYMENT_TARGET = 15.0;
				MTL_ENABLE_DEBUG_INFO = INCLUDE_SOURCE;
				MTL_FAST_MATH = YES;
				ONLY_ACTIVE_ARCH = YES;
				SDKROOT = iphoneos;
				SWIFT_ACTIVE_COMPILATION_CONDITIONS = DEBUG;
				SWIFT_OPTIMIZATION_LEVEL = "-Onone";
			};
			name = Debug;
		};
		7BFD661A271A5902004D2545 /* Release */ = {
			isa = XCBuildConfiguration;
			buildSettings = {
				ALWAYS_SEARCH_USER_PATHS = NO;
				CLANG_ANALYZER_NONNULL = YES;
				CLANG_ANALYZER_NUMBER_OBJECT_CONVERSION = YES_AGGRESSIVE;
				CLANG_CXX_LANGUAGE_STANDARD = "gnu++17";
				CLANG_CXX_LIBRARY = "libc++";
				CLANG_ENABLE_MODULES = YES;
				CLANG_ENABLE_OBJC_ARC = YES;
				CLANG_ENABLE_OBJC_WEAK = YES;
				CLANG_WARN_BLOCK_CAPTURE_AUTORELEASING = YES;
				CLANG_WARN_BOOL_CONVERSION = YES;
				CLANG_WARN_COMMA = YES;
				CLANG_WARN_CONSTANT_CONVERSION = YES;
				CLANG_WARN_DEPRECATED_OBJC_IMPLEMENTATIONS = YES;
				CLANG_WARN_DIRECT_OBJC_ISA_USAGE = YES_ERROR;
				CLANG_WARN_DOCUMENTATION_COMMENTS = YES;
				CLANG_WARN_EMPTY_BODY = YES;
				CLANG_WARN_ENUM_CONVERSION = YES;
				CLANG_WARN_INFINITE_RECURSION = YES;
				CLANG_WARN_INT_CONVERSION = YES;
				CLANG_WARN_NON_LITERAL_NULL_CONVERSION = YES;
				CLANG_WARN_OBJC_IMPLICIT_RETAIN_SELF = YES;
				CLANG_WARN_OBJC_LITERAL_CONVERSION = YES;
				CLANG_WARN_OBJC_ROOT_CLASS = YES_ERROR;
				CLANG_WARN_QUOTED_INCLUDE_IN_FRAMEWORK_HEADER = YES;
				CLANG_WARN_RANGE_LOOP_ANALYSIS = YES;
				CLANG_WARN_STRICT_PROTOTYPES = YES;
				CLANG_WARN_SUSPICIOUS_MOVE = YES;
				CLANG_WARN_UNGUARDED_AVAILABILITY = YES_AGGRESSIVE;
				CLANG_WARN_UNREACHABLE_CODE = YES;
				CLANG_WARN__DUPLICATE_METHOD_MATCH = YES;
				COPY_PHASE_STRIP = NO;
				DEBUG_INFORMATION_FORMAT = "dwarf-with-dsym";
				ENABLE_NS_ASSERTIONS = NO;
				ENABLE_STRICT_OBJC_MSGSEND = YES;
				GCC_C_LANGUAGE_STANDARD = gnu11;
				GCC_NO_COMMON_BLOCKS = YES;
				GCC_WARN_64_TO_32_BIT_CONVERSION = YES;
				GCC_WARN_ABOUT_RETURN_TYPE = YES_ERROR;
				GCC_WARN_UNDECLARED_SELECTOR = YES;
				GCC_WARN_UNINITIALIZED_AUTOS = YES_AGGRESSIVE;
				GCC_WARN_UNUSED_FUNCTION = YES;
				GCC_WARN_UNUSED_VARIABLE = YES;
				IPHONEOS_DEPLOYMENT_TARGET = 15.0;
				MTL_ENABLE_DEBUG_INFO = NO;
				MTL_FAST_MATH = YES;
				SDKROOT = iphoneos;
				SWIFT_COMPILATION_MODE = wholemodule;
				SWIFT_OPTIMIZATION_LEVEL = "-O";
				VALIDATE_PRODUCT = YES;
			};
			name = Release;
		};
		7BFD661C271A5902004D2545 /* Debug */ = {
			isa = XCBuildConfiguration;
			buildSettings = {
				ASSETCATALOG_COMPILER_APPICON_NAME = AppIcon;
				ASSETCATALOG_COMPILER_GLOBAL_ACCENT_COLOR_NAME = AccentColor;
				ASSETCATALOG_COMPILER_INCLUDE_ALL_APPICON_ASSETS = YES;
				CODE_SIGN_STYLE = Automatic;
				CURRENT_PROJECT_VERSION = 1;
				DEVELOPMENT_ASSET_PATHS = "\"Instrument/Preview Content\"";
				DEVELOPMENT_TEAM = 654F2T5RTL;
				ENABLE_PREVIEWS = YES;
				GENERATE_INFOPLIST_FILE = YES;
				INFOPLIST_KEY_NSLocationAlwaysAndWhenInUseUsageDescription = HMM;
				INFOPLIST_KEY_NSLocationWhenInUseUsageDescription = HMM;
				INFOPLIST_KEY_UIApplicationSceneManifest_Generation = YES;
				INFOPLIST_KEY_UIApplicationSupportsIndirectInputEvents = YES;
				INFOPLIST_KEY_UILaunchScreen_Generation = YES;
				INFOPLIST_KEY_UISupportedInterfaceOrientations = UIInterfaceOrientationPortrait;
				INFOPLIST_KEY_UISupportedInterfaceOrientations_iPad = "UIInterfaceOrientationPortrait UIInterfaceOrientationPortraitUpsideDown UIInterfaceOrientationLandscapeLeft UIInterfaceOrientationLandscapeRight";
				INFOPLIST_KEY_UISupportedInterfaceOrientations_iPhone = UIInterfaceOrientationPortrait;
				IPHONEOS_DEPLOYMENT_TARGET = 15.0;
				LD_RUNPATH_SEARCH_PATHS = (
					"$(inherited)",
					"@executable_path/Frameworks",
				);
				MARKETING_VERSION = 1.0;
				PRODUCT_BUNDLE_IDENTIFIER = wenjin.Instrument;
				PRODUCT_NAME = "$(TARGET_NAME)";
				SWIFT_EMIT_LOC_STRINGS = YES;
				SWIFT_VERSION = 5.0;
				TARGETED_DEVICE_FAMILY = "1,2";
			};
			name = Debug;
		};
		7BFD661D271A5902004D2545 /* Release */ = {
			isa = XCBuildConfiguration;
			buildSettings = {
				ASSETCATALOG_COMPILER_APPICON_NAME = AppIcon;
				ASSETCATALOG_COMPILER_GLOBAL_ACCENT_COLOR_NAME = AccentColor;
				ASSETCATALOG_COMPILER_INCLUDE_ALL_APPICON_ASSETS = YES;
				CODE_SIGN_STYLE = Automatic;
				CURRENT_PROJECT_VERSION = 1;
				DEVELOPMENT_ASSET_PATHS = "\"Instrument/Preview Content\"";
				DEVELOPMENT_TEAM = 654F2T5RTL;
				ENABLE_PREVIEWS = YES;
				GENERATE_INFOPLIST_FILE = YES;
				INFOPLIST_KEY_NSLocationAlwaysAndWhenInUseUsageDescription = HMM;
				INFOPLIST_KEY_NSLocationWhenInUseUsageDescription = HMM;
				INFOPLIST_KEY_UIApplicationSceneManifest_Generation = YES;
				INFOPLIST_KEY_UIApplicationSupportsIndirectInputEvents = YES;
				INFOPLIST_KEY_UILaunchScreen_Generation = YES;
				INFOPLIST_KEY_UISupportedInterfaceOrientations = UIInterfaceOrientationPortrait;
				INFOPLIST_KEY_UISupportedInterfaceOrientations_iPad = "UIInterfaceOrientationPortrait UIInterfaceOrientationPortraitUpsideDown UIInterfaceOrientationLandscapeLeft UIInterfaceOrientationLandscapeRight";
				INFOPLIST_KEY_UISupportedInterfaceOrientations_iPhone = UIInterfaceOrientationPortrait;
				IPHONEOS_DEPLOYMENT_TARGET = 15.0;
				LD_RUNPATH_SEARCH_PATHS = (
					"$(inherited)",
					"@executable_path/Frameworks",
				);
				MARKETING_VERSION = 1.0;
				PRODUCT_BUNDLE_IDENTIFIER = wenjin.Instrument;
				PRODUCT_NAME = "$(TARGET_NAME)";
				SWIFT_EMIT_LOC_STRINGS = YES;
				SWIFT_VERSION = 5.0;
				TARGETED_DEVICE_FAMILY = "1,2";
			};
			name = Release;
		};
/* End XCBuildConfiguration section */

/* Begin XCConfigurationList section */
		7BFD6608271A5900004D2545 /* Build configuration list for PBXProject "Instrument" */ = {
			isa = XCConfigurationList;
			buildConfigurations = (
				7BFD6619271A5902004D2545 /* Debug */,
				7BFD661A271A5902004D2545 /* Release */,
			);
			defaultConfigurationIsVisible = 0;
			defaultConfigurationName = Release;
		};
		7BFD661B271A5902004D2545 /* Build configuration list for PBXNativeTarget "Instrument" */ = {
			isa = XCConfigurationList;
			buildConfigurations = (
				7BFD661C271A5902004D2545 /* Debug */,
				7BFD661D271A5902004D2545 /* Release */,
			);
			defaultConfigurationIsVisible = 0;
			defaultConfigurationName = Release;
		};
/* End XCConfigurationList section */
	};
	rootObject = 7BFD6605271A5900004D2545 /* Project object */;
}
